
Microsoft Visual Studio Solution File, Format Version 12.00
# Visual Studio Version 16
VisualStudioVersion = 16.0.31112.23
MinimumVisualStudioVersion = 10.0.40219.1
Project("{FAE04EC0-301F-11D3-BF4B-00C04F79EFBC}") = "WebApplication1", "WebApplication1\WebApplication1.csproj", "{8C3FF364-6384-4D25-8A50-4A2D4006EBA9}"
EndProject
Global
	GlobalSection(SolutionConfigurationPlatforms) = preSolution
		Debug|Any CPU = Debug|Any CPU
		Release|Any CPU = Release|Any CPU
	EndGlobalSection
	GlobalSection(ProjectConfigurationPlatforms) = postSolution
		{8C3FF364-6384-4D25-8A50-4A2D4006EBA9}.Debug|Any CPU.ActiveCfg = Debug|Any CPU
		{8C3FF364-6384-4D25-8A50-4A2D4006EBA9}.Debug|Any CPU.Build.0 = Debug|Any CPU
		{8C3FF364-6384-4D25-8A50-4A2D4006EBA9}.Release|Any CPU.ActiveCfg = Release|Any CPU
		{8C3FF364-6384-4D25-8A50-4A2D4006EBA9}.Release|Any CPU.Build.0 = Release|Any CPU
	EndGlobalSection
	GlobalSection(SolutionProperties) = preSolution
		HideSolutionNode = FALSE
	EndGlobalSection
	GlobalSection(ExtensibilityGlobals) = postSolution
		SolutionGuid = {BF9E4CC6-FEDB-4806-BC43-2DE7C31A9C5A}
	EndGlobalSection
EndGlobal
